
Microsoft Visual Studio Solution File, Format Version 12.00
# Visual Studio 2015
Project("{FAE04EC0-301F-11D3-BF4B-00C04F79EFBC}") = "LeapMotionMuseum.Plugins", "LeapMotionMuseum.Plugins.csproj", "{03EA44C3-6004-BC1D-C970-4D7FF948C53C}"
EndProject
Project("{FAE04EC0-301F-11D3-BF4B-00C04F79EFBC}") = "LeapMotionMuseum", "LeapMotionMuseum.csproj", "{1EF442D8-F798-311F-8C23-CFC859A4225A}"
EndProject
Project("{FAE04EC0-301F-11D3-BF4B-00C04F79EFBC}") = "LeapMotionMuseum.Editor", "LeapMotionMuseum.Editor.csproj", "{6CF2F272-70CC-2FB4-3706-C3DA87EAD2FD}"
EndProject
Global
	GlobalSection(SolutionConfigurationPlatforms) = preSolution
		Debug|Any CPU = Debug|Any CPU
		Release|Any CPU = Release|Any CPU
	EndGlobalSection
	GlobalSection(ProjectConfigurationPlatforms) = postSolution
		{03EA44C3-6004-BC1D-C970-4D7FF948C53C}.Debug|Any CPU.ActiveCfg = Debug|Any CPU
		{03EA44C3-6004-BC1D-C970-4D7FF948C53C}.Debug|Any CPU.Build.0 = Debug|Any CPU
		{03EA44C3-6004-BC1D-C970-4D7FF948C53C}.Release|Any CPU.ActiveCfg = Release|Any CPU
		{03EA44C3-6004-BC1D-C970-4D7FF948C53C}.Release|Any CPU.Build.0 = Release|Any CPU
		{1EF442D8-F798-311F-8C23-CFC859A4225A}.Debug|Any CPU.ActiveCfg = Debug|Any CPU
		{1EF442D8-F798-311F-8C23-CFC859A4225A}.Debug|Any CPU.Build.0 = Debug|Any CPU
		{1EF442D8-F798-311F-8C23-CFC859A4225A}.Release|Any CPU.ActiveCfg = Release|Any CPU
		{1EF442D8-F798-311F-8C23-CFC859A4225A}.Release|Any CPU.Build.0 = Release|Any CPU
		{6CF2F272-70CC-2FB4-3706-C3DA87EAD2FD}.Debug|Any CPU.ActiveCfg = Debug|Any CPU
		{6CF2F272-70CC-2FB4-3706-C3DA87EAD2FD}.Debug|Any CPU.Build.0 = Debug|Any CPU
		{6CF2F272-70CC-2FB4-3706-C3DA87EAD2FD}.Release|Any CPU.ActiveCfg = Release|Any CPU
		{6CF2F272-70CC-2FB4-3706-C3DA87EAD2FD}.Release|Any CPU.Build.0 = Release|Any CPU
	EndGlobalSection
	GlobalSection(SolutionProperties) = preSolution
		HideSolutionNode = FALSE
	EndGlobalSection
EndGlobal
